
Microsoft Visual Studio Solution File, Format Version 11.00
# Visual Studio 2010
Project("{54435603-DBB4-11D2-8724-00A0C9A8B90C}") = "QuickbooksLibraryInstaller", "QuickbooksLibraryInstaller.vdproj", "{1FC97908-EDD7-44F7-BCAB-94151BB29782}"
EndProject
Global
	GlobalSection(SolutionConfigurationPlatforms) = preSolution
		Debug|Default = Debug|Default
		Release|Default = Release|Default
	EndGlobalSection
	GlobalSection(ProjectConfigurationPlatforms) = postSolution
		{1FC97908-EDD7-44F7-BCAB-94151BB29782}.Debug|Default.ActiveCfg = Debug
		{1FC97908-EDD7-44F7-BCAB-94151BB29782}.Debug|Default.Build.0 = Debug
		{1FC97908-EDD7-44F7-BCAB-94151BB29782}.Release|Default.ActiveCfg = Release
		{1FC97908-EDD7-44F7-BCAB-94151BB29782}.Release|Default.Build.0 = Release
	EndGlobalSection
	GlobalSection(SolutionProperties) = preSolution
		HideSolutionNode = FALSE
	EndGlobalSection
EndGlobal
